
Microsoft Visual Studio Solution File, Format Version 12.00
# Visual Studio Version 16
VisualStudioVersion = 16.0.30611.23
MinimumVisualStudioVersion = 10.0.40219.1
Project("{FAE04EC0-301F-11D3-BF4B-00C04F79EFBC}") = "CapK23t-WebApp-2020", "CapK23t-WebApp-2020\CapK23t-WebApp-2020.csproj", "{EB6823A6-69C8-432C-BE97-A8AD4DA9E83C}"
EndProject
Global
	GlobalSection(SolutionConfigurationPlatforms) = preSolution
		Debug|Any CPU = Debug|Any CPU
		Release|Any CPU = Release|Any CPU
	EndGlobalSection
	GlobalSection(ProjectConfigurationPlatforms) = postSolution
		{EB6823A6-69C8-432C-BE97-A8AD4DA9E83C}.Debug|Any CPU.ActiveCfg = Debug|Any CPU
		{EB6823A6-69C8-432C-BE97-A8AD4DA9E83C}.Debug|Any CPU.Build.0 = Debug|Any CPU
		{EB6823A6-69C8-432C-BE97-A8AD4DA9E83C}.Release|Any CPU.ActiveCfg = Release|Any CPU
		{EB6823A6-69C8-432C-BE97-A8AD4DA9E83C}.Release|Any CPU.Build.0 = Release|Any CPU
	EndGlobalSection
	GlobalSection(SolutionProperties) = preSolution
		HideSolutionNode = FALSE
	EndGlobalSection
	GlobalSection(ExtensibilityGlobals) = postSolution
		SolutionGuid = {206B85DD-5D5C-415F-9D06-4C7E274EA864}
	EndGlobalSection
EndGlobal
